
Microsoft Visual Studio Solution File, Format Version 12.00
# Visual Studio Version 17
VisualStudioVersion = 17.3.32811.315
MinimumVisualStudioVersion = 10.0.40219.1
Project("{2150E333-8FDC-42A3-9474-1A3956D46DE8}") = "Services", "Services", "{97A534DE-F33B-4F97-86E7-A3041AC40946}"
EndProject
Project("{2150E333-8FDC-42A3-9474-1A3956D46DE8}") = "Catalog", "Catalog", "{091B221B-7EDC-48B6-B0F2-8E9294710822}"
EndProject
Project("{9A19103F-16F7-4668-BE54-9A1E7A4F7556}") = "MultiShop.Catalog", "Services\Catalog\MultiShop.Catalog\MultiShop.Catalog.csproj", "{762CD8F9-EEC5-4398-84B1-C8D6AA3197C4}"
EndProject
Project("{2150E333-8FDC-42A3-9474-1A3956D46DE8}") = "Discount", "Discount", "{BF1FD2A5-3E28-4B69-80AA-62A087239BB9}"
EndProject
Project("{9A19103F-16F7-4668-BE54-9A1E7A4F7556}") = "MultiShop.Discount", "Services\Discount\MultiShop.Discount\MultiShop.Discount.csproj", "{5559AE80-8450-487C-AC76-8C1E3CB690EA}"
EndProject
Project("{2150E333-8FDC-42A3-9474-1A3956D46DE8}") = "Order", "Order", "{04D8EBC7-3D87-45A7-9693-D22716ADD3BD}"
EndProject
Project("{2150E333-8FDC-42A3-9474-1A3956D46DE8}") = "Core", "Core", "{A5B118BF-0B80-4E6A-8F4F-A66237C75C10}"
EndProject
Project("{2150E333-8FDC-42A3-9474-1A3956D46DE8}") = "Infrastructure", "Infrastructure", "{2B33380F-2245-4D0E-A96A-F605B6427681}"
EndProject
Project("{2150E333-8FDC-42A3-9474-1A3956D46DE8}") = "Presentation", "Presentation", "{C288BFDE-B8BF-4B8C-A278-CBCB7B3A0814}"
EndProject
Project("{9A19103F-16F7-4668-BE54-9A1E7A4F7556}") = "MultiShop.Order.Domain", "Services\Order\Core\MultiShop.Order.Domain\MultiShop.Order.Domain.csproj", "{E8239BE4-2788-4AF6-ACD8-7A3CB02C257B}"
EndProject
Project("{9A19103F-16F7-4668-BE54-9A1E7A4F7556}") = "MultiShop.Order.Application", "Services\Order\Core\MultiShop.Order.Application\MultiShop.Order.Application.csproj", "{AE963C68-5A86-46FF-9FC0-32B4CFE419A7}"
EndProject
Project("{9A19103F-16F7-4668-BE54-9A1E7A4F7556}") = "MultiShop.Order.Persistence", "Services\Order\Infrastructure\MultiShop.Order.Persistence\MultiShop.Order.Persistence.csproj", "{0B52476C-6095-45F1-92E1-5A25EEBB5082}"
EndProject
Project("{9A19103F-16F7-4668-BE54-9A1E7A4F7556}") = "MultiShop.Order.WebApi", "Services\Order\Presentation\MultiShop.Order.WebApi\MultiShop.Order.WebApi.csproj", "{E9611206-1150-4FC7-95FB-A96ACD5BD4A8}"
EndProject
Project("{2150E333-8FDC-42A3-9474-1A3956D46DE8}") = "IdentityServer", "IdentityServer", "{1633AC07-8DDA-4FCE-8467-7AA55D335F87}"
EndProject
Project("{9A19103F-16F7-4668-BE54-9A1E7A4F7556}") = "MultiShop.IdentityServer", "IdentityServer\MultiShop.IdentityServer\MultiShop.IdentityServer.csproj", "{0795FD27-869E-4AF1-8802-1AFE2F8323F6}"
EndProject
Project("{2150E333-8FDC-42A3-9474-1A3956D46DE8}") = "Cargo", "Cargo", "{D8F0E2F3-4433-4161-B7F7-14F4AE5CE3A8}"
EndProject
Project("{FAE04EC0-301F-11D3-BF4B-00C04F79EFBC}") = "MultiShop.Cargo.EntityLayer", "Services\Cargo\MultiShop.Cargo.EntityLayer\MultiShop.Cargo.EntityLayer.csproj", "{F111A3E2-358B-4198-A064-6ECCD2164928}"
EndProject
Project("{FAE04EC0-301F-11D3-BF4B-00C04F79EFBC}") = "MultiShop.Cargo.BusinessLayer", "Services\Cargo\MultiShop.Cargo.BusinessLayer\MultiShop.Cargo.BusinessLayer.csproj", "{BCE90F55-E921-41C5-B2EF-5085CE8BE2EE}"
EndProject
Project("{FAE04EC0-301F-11D3-BF4B-00C04F79EFBC}") = "MultiShop.Cargo.DataAccessLayer", "Services\Cargo\MultiShop.Cargo.DataAccessLayer\MultiShop.Cargo.DataAccessLayer.csproj", "{E1527439-EC92-4953-B22B-55ADC9E6B3D1}"
EndProject
Project("{FAE04EC0-301F-11D3-BF4B-00C04F79EFBC}") = "MultiShop.Cargo.DtoLayer", "Services\Cargo\MultiShop.Cargo.DtoLayer\MultiShop.Cargo.DtoLayer.csproj", "{3CCCC208-590E-4D26-8768-90E705E7EE3D}"
EndProject
Project("{FAE04EC0-301F-11D3-BF4B-00C04F79EFBC}") = "MultiShop.Cargo.WebApi", "Services\Cargo\MultiShop.Cargo.WebApi\MultiShop.Cargo.WebApi.csproj", "{5EF9F2F8-6CB1-4F60-9E38-435087BA4BCE}"
EndProject
Global
	GlobalSection(SolutionConfigurationPlatforms) = preSolution
		Debug|Any CPU = Debug|Any CPU
		Release|Any CPU = Release|Any CPU
	EndGlobalSection
	GlobalSection(ProjectConfigurationPlatforms) = postSolution
		{762CD8F9-EEC5-4398-84B1-C8D6AA3197C4}.Debug|Any CPU.ActiveCfg = Debug|Any CPU
		{762CD8F9-EEC5-4398-84B1-C8D6AA3197C4}.Debug|Any CPU.Build.0 = Debug|Any CPU
		{762CD8F9-EEC5-4398-84B1-C8D6AA3197C4}.Release|Any CPU.ActiveCfg = Release|Any CPU
		{762CD8F9-EEC5-4398-84B1-C8D6AA3197C4}.Release|Any CPU.Build.0 = Release|Any CPU
		{5559AE80-8450-487C-AC76-8C1E3CB690EA}.Debug|Any CPU.ActiveCfg = Debug|Any CPU
		{5559AE80-8450-487C-AC76-8C1E3CB690EA}.Debug|Any CPU.Build.0 = Debug|Any CPU
		{5559AE80-8450-487C-AC76-8C1E3CB690EA}.Release|Any CPU.ActiveCfg = Release|Any CPU
		{5559AE80-8450-487C-AC76-8C1E3CB690EA}.Release|Any CPU.Build.0 = Release|Any CPU
		{E8239BE4-2788-4AF6-ACD8-7A3CB02C257B}.Debug|Any CPU.ActiveCfg = Debug|Any CPU
		{E8239BE4-2788-4AF6-ACD8-7A3CB02C257B}.Debug|Any CPU.Build.0 = Debug|Any CPU
		{E8239BE4-2788-4AF6-ACD8-7A3CB02C257B}.Release|Any CPU.ActiveCfg = Release|Any CPU
		{E8239BE4-2788-4AF6-ACD8-7A3CB02C257B}.Release|Any CPU.Build.0 = Release|Any CPU
		{AE963C68-5A86-46FF-9FC0-32B4CFE419A7}.Debug|Any CPU.ActiveCfg = Debug|Any CPU
		{AE963C68-5A86-46FF-9FC0-32B4CFE419A7}.Debug|Any CPU.Build.0 = Debug|Any CPU
		{AE963C68-5A86-46FF-9FC0-32B4CFE419A7}.Release|Any CPU.ActiveCfg = Release|Any CPU
		{AE963C68-5A86-46FF-9FC0-32B4CFE419A7}.Release|Any CPU.Build.0 = Release|Any CPU
		{0B52476C-6095-45F1-92E1-5A25EEBB5082}.Debug|Any CPU.ActiveCfg = Debug|Any CPU
		{0B52476C-6095-45F1-92E1-5A25EEBB5082}.Debug|Any CPU.Build.0 = Debug|Any CPU
		{0B52476C-6095-45F1-92E1-5A25EEBB5082}.Release|Any CPU.ActiveCfg = Release|Any CPU
		{0B52476C-6095-45F1-92E1-5A25EEBB5082}.Release|Any CPU.Build.0 = Release|Any CPU
		{E9611206-1150-4FC7-95FB-A96ACD5BD4A8}.Debug|Any CPU.ActiveCfg = Debug|Any CPU
		{E9611206-1150-4FC7-95FB-A96ACD5BD4A8}.Debug|Any CPU.Build.0 = Debug|Any CPU
		{E9611206-1150-4FC7-95FB-A96ACD5BD4A8}.Release|Any CPU.ActiveCfg = Release|Any CPU
		{E9611206-1150-4FC7-95FB-A96ACD5BD4A8}.Release|Any CPU.Build.0 = Release|Any CPU
		{0795FD27-869E-4AF1-8802-1AFE2F8323F6}.Debug|Any CPU.ActiveCfg = Debug|Any CPU
		{0795FD27-869E-4AF1-8802-1AFE2F8323F6}.Debug|Any CPU.Build.0 = Debug|Any CPU
		{0795FD27-869E-4AF1-8802-1AFE2F8323F6}.Release|Any CPU.ActiveCfg = Release|Any CPU
		{0795FD27-869E-4AF1-8802-1AFE2F8323F6}.Release|Any CPU.Build.0 = Release|Any CPU
		{F111A3E2-358B-4198-A064-6ECCD2164928}.Debug|Any CPU.ActiveCfg = Debug|Any CPU
		{F111A3E2-358B-4198-A064-6ECCD2164928}.Debug|Any CPU.Build.0 = Debug|Any CPU
		{F111A3E2-358B-4198-A064-6ECCD2164928}.Release|Any CPU.ActiveCfg = Release|Any CPU
		{F111A3E2-358B-4198-A064-6ECCD2164928}.Release|Any CPU.Build.0 = Release|Any CPU
		{BCE90F55-E921-41C5-B2EF-5085CE8BE2EE}.Debug|Any CPU.ActiveCfg = Debug|Any CPU
		{BCE90F55-E921-41C5-B2EF-5085CE8BE2EE}.Debug|Any CPU.Build.0 = Debug|Any CPU
		{BCE90F55-E921-41C5-B2EF-5085CE8BE2EE}.Release|Any CPU.ActiveCfg = Release|Any CPU
		{BCE90F55-E921-41C5-B2EF-5085CE8BE2EE}.Release|Any CPU.Build.0 = Release|Any CPU
		{E1527439-EC92-4953-B22B-55ADC9E6B3D1}.Debug|Any CPU.ActiveCfg = Debug|Any CPU
		{E1527439-EC92-4953-B22B-55ADC9E6B3D1}.Debug|Any CPU.Build.0 = Debug|Any CPU
		{E1527439-EC92-4953-B22B-55ADC9E6B3D1}.Release|Any CPU.ActiveCfg = Release|Any CPU
		{E1527439-EC92-4953-B22B-55ADC9E6B3D1}.Release|Any CPU.Build.0 = Release|Any CPU
		{3CCCC208-590E-4D26-8768-90E705E7EE3D}.Debug|Any CPU.ActiveCfg = Debug|Any CPU
		{3CCCC208-590E-4D26-8768-90E705E7EE3D}.Debug|Any CPU.Build.0 = Debug|Any CPU
		{3CCCC208-590E-4D26-8768-90E705E7EE3D}.Release|Any CPU.ActiveCfg = Release|Any CPU
		{3CCCC208-590E-4D26-8768-90E705E7EE3D}.Release|Any CPU.Build.0 = Release|Any CPU
		{5EF9F2F8-6CB1-4F60-9E38-435087BA4BCE}.Debug|Any CPU.ActiveCfg = Debug|Any CPU
		{5EF9F2F8-6CB1-4F60-9E38-435087BA4BCE}.Debug|Any CPU.Build.0 = Debug|Any CPU
		{5EF9F2F8-6CB1-4F60-9E38-435087BA4BCE}.Release|Any CPU.ActiveCfg = Release|Any CPU
		{5EF9F2F8-6CB1-4F60-9E38-435087BA4BCE}.Release|Any CPU.Build.0 = Release|Any CPU
	EndGlobalSection
	GlobalSection(SolutionProperties) = preSolution
		HideSolutionNode = FALSE
	EndGlobalSection
	GlobalSection(NestedProjects) = preSolution
		{091B221B-7EDC-48B6-B0F2-8E9294710822} = {97A534DE-F33B-4F97-86E7-A3041AC40946}
		{762CD8F9-EEC5-4398-84B1-C8D6AA3197C4} = {091B221B-7EDC-48B6-B0F2-8E9294710822}
		{BF1FD2A5-3E28-4B69-80AA-62A087239BB9} = {97A534DE-F33B-4F97-86E7-A3041AC40946}
		{5559AE80-8450-487C-AC76-8C1E3CB690EA} = {BF1FD2A5-3E28-4B69-80AA-62A087239BB9}
		{04D8EBC7-3D87-45A7-9693-D22716ADD3BD} = {97A534DE-F33B-4F97-86E7-A3041AC40946}
		{A5B118BF-0B80-4E6A-8F4F-A66237C75C10} = {04D8EBC7-3D87-45A7-9693-D22716ADD3BD}
		{2B33380F-2245-4D0E-A96A-F605B6427681} = {04D8EBC7-3D87-45A7-9693-D22716ADD3BD}
		{C288BFDE-B8BF-4B8C-A278-CBCB7B3A0814} = {04D8EBC7-3D87-45A7-9693-D22716ADD3BD}
		{E8239BE4-2788-4AF6-ACD8-7A3CB02C257B} = {A5B118BF-0B80-4E6A-8F4F-A66237C75C10}
		{AE963C68-5A86-46FF-9FC0-32B4CFE419A7} = {A5B118BF-0B80-4E6A-8F4F-A66237C75C10}
		{0B52476C-6095-45F1-92E1-5A25EEBB5082} = {2B33380F-2245-4D0E-A96A-F605B6427681}
		{E9611206-1150-4FC7-95FB-A96ACD5BD4A8} = {C288BFDE-B8BF-4B8C-A278-CBCB7B3A0814}
		{0795FD27-869E-4AF1-8802-1AFE2F8323F6} = {1633AC07-8DDA-4FCE-8467-7AA55D335F87}
		{D8F0E2F3-4433-4161-B7F7-14F4AE5CE3A8} = {97A534DE-F33B-4F97-86E7-A3041AC40946}
		{F111A3E2-358B-4198-A064-6ECCD2164928} = {D8F0E2F3-4433-4161-B7F7-14F4AE5CE3A8}
		{BCE90F55-E921-41C5-B2EF-5085CE8BE2EE} = {D8F0E2F3-4433-4161-B7F7-14F4AE5CE3A8}
		{E1527439-EC92-4953-B22B-55ADC9E6B3D1} = {D8F0E2F3-4433-4161-B7F7-14F4AE5CE3A8}
		{3CCCC208-590E-4D26-8768-90E705E7EE3D} = {D8F0E2F3-4433-4161-B7F7-14F4AE5CE3A8}
		{5EF9F2F8-6CB1-4F60-9E38-435087BA4BCE} = {D8F0E2F3-4433-4161-B7F7-14F4AE5CE3A8}
	EndGlobalSection
	GlobalSection(ExtensibilityGlobals) = postSolution
		SolutionGuid = {CD6D542D-27BC-435E-9005-F6F0722B4C9B}
	EndGlobalSection
EndGlobal
